
Microsoft Visual Studio Solution File, Format Version 12.00
# Visual Studio Version 16
VisualStudioVersion = 16.0.34031.81
MinimumVisualStudioVersion = 10.0.40219.1
Project("{FAE04EC0-301F-11D3-BF4B-00C04F79EFBC}") = "BT5", "BT5\BT5.csproj", "{42A642F8-09D6-448B-B4B4-1C59656829B7}"
EndProject
Global
	GlobalSection(SolutionConfigurationPlatforms) = preSolution
		Debug|Any CPU = Debug|Any CPU
		Release|Any CPU = Release|Any CPU
	EndGlobalSection
	GlobalSection(ProjectConfigurationPlatforms) = postSolution
		{42A642F8-09D6-448B-B4B4-1C59656829B7}.Debug|Any CPU.ActiveCfg = Debug|Any CPU
		{42A642F8-09D6-448B-B4B4-1C59656829B7}.Debug|Any CPU.Build.0 = Debug|Any CPU
		{42A642F8-09D6-448B-B4B4-1C59656829B7}.Release|Any CPU.ActiveCfg = Release|Any CPU
		{42A642F8-09D6-448B-B4B4-1C59656829B7}.Release|Any CPU.Build.0 = Release|Any CPU
	EndGlobalSection
	GlobalSection(SolutionProperties) = preSolution
		HideSolutionNode = FALSE
	EndGlobalSection
	GlobalSection(ExtensibilityGlobals) = postSolution
		SolutionGuid = {2513739D-C45A-45F7-8DB6-EB828F3BC526}
	EndGlobalSection
EndGlobal
